
Microsoft Visual Studio Solution File, Format Version 12.00
# Visual Studio Version 17
VisualStudioVersion = 17.5.33424.131
MinimumVisualStudioVersion = 10.0.40219.1
Project("{FAE04EC0-301F-11D3-BF4B-00C04F79EFBC}") = "Sorveteriatxt3", "Sorveteriatxt3\Sorveteriatxt3.csproj", "{F770474C-BD6B-4CF7-9416-96E2737E2C7D}"
EndProject
Global
	GlobalSection(SolutionConfigurationPlatforms) = preSolution
		Debug|Any CPU = Debug|Any CPU
		Release|Any CPU = Release|Any CPU
	EndGlobalSection
	GlobalSection(ProjectConfigurationPlatforms) = postSolution
		{F770474C-BD6B-4CF7-9416-96E2737E2C7D}.Debug|Any CPU.ActiveCfg = Debug|Any CPU
		{F770474C-BD6B-4CF7-9416-96E2737E2C7D}.Debug|Any CPU.Build.0 = Debug|Any CPU
		{F770474C-BD6B-4CF7-9416-96E2737E2C7D}.Release|Any CPU.ActiveCfg = Release|Any CPU
		{F770474C-BD6B-4CF7-9416-96E2737E2C7D}.Release|Any CPU.Build.0 = Release|Any CPU
	EndGlobalSection
	GlobalSection(SolutionProperties) = preSolution
		HideSolutionNode = FALSE
	EndGlobalSection
	GlobalSection(ExtensibilityGlobals) = postSolution
		SolutionGuid = {3B03C506-420D-44AF-A914-4EB35986B964}
	EndGlobalSection
EndGlobal
